
Microsoft Visual Studio Solution File, Format Version 12.00
# Visual Studio Version 17
VisualStudioVersion = 17.12.35527.113
MinimumVisualStudioVersion = 10.0.40219.1
Project("{8BC9CEB8-8B4A-11D0-8D11-00A0C91BC942}") = "Lecture07", "Lecture07\Lecture07.vcxproj", "{9259F8BA-9E84-4D72-90F0-49D74170E014}"
EndProject
Project("{8BC9CEB8-8B4A-11D0-8D11-00A0C91BC942}") = "Lecture06", "Lecture06\Lecture06.vcxproj", "{06C1A56F-38D7-4D51-8C2A-3CA0DA937710}"
EndProject
Project("{8BC9CEB8-8B4A-11D0-8D11-00A0C91BC942}") = "Lecture07_2", "Lecture07_2\Lecture07_2.vcxproj", "{CBD79BAE-9762-4698-9958-B3D6A3876C8D}"
EndProject
Project("{8BC9CEB8-8B4A-11D0-8D11-00A0C91BC942}") = "Lecture07_3", "Lecture07_3\Lecture07_3.vcxproj", "{EBCF4F7B-9F91-4E5D-BB64-D72B55E68621}"
EndProject
Project("{8BC9CEB8-8B4A-11D0-8D11-00A0C91BC942}") = "Lecture09", "Lecture08\Lecture08.vcxproj", "{B26E3A6A-CEE5-461B-B85F-3A832B9A9100}"
EndProject
Project("{8BC9CEB8-8B4A-11D0-8D11-00A0C91BC942}") = "Lecture10", "Lecture10\Lecture10.vcxproj", "{3D6F1617-E116-4F0A-A714-C1AECA94AEA1}"
EndProject
Project("{8BC9CEB8-8B4A-11D0-8D11-00A0C91BC942}") = "Lecture10_2", "Lecture10_1\Lecture10_1.vcxproj", "{AD10BC23-C341-4266-82F0-74D51B8CC65F}"
EndProject
Project("{8BC9CEB8-8B4A-11D0-8D11-00A0C91BC942}") = "Lecture11", "Lecture11\Lecture11.vcxproj", "{5F299D47-06C4-4D36-8C6C-6C20A7C83620}"
EndProject
Project("{8BC9CEB8-8B4A-11D0-8D11-00A0C91BC942}") = "Lecture03", "Lecture03\Lecture03.vcxproj", "{27041F98-EC6E-455A-AB10-42462142BB28}"
EndProject
Project("{8BC9CEB8-8B4A-11D0-8D11-00A0C91BC942}") = "Lecture04", "Lecture04\Lecture04.vcxproj", "{B3607356-DFBF-4219-BC0C-773CFB9DA103}"
EndProject
Project("{8BC9CEB8-8B4A-11D0-8D11-00A0C91BC942}") = "Lecture05", "Lecture05\Lecture05.vcxproj", "{C8D54700-B883-44D8-9B0A-680474B9123B}"
EndProject
Project("{8BC9CEB8-8B4A-11D0-8D11-00A0C91BC942}") = "Lecture05_2", "Lecture05_2\Lecture05_2.vcxproj", "{82BCB499-AE90-44B3-9D21-4DAD3EF5CB41}"
EndProject
Project("{8BC9CEB8-8B4A-11D0-8D11-00A0C91BC942}") = "Lecture12", "Lecture12\Lecture12.vcxproj", "{F7C967B0-452D-465B-AD0D-2257123B25D8}"
EndProject
Project("{8BC9CEB8-8B4A-11D0-8D11-00A0C91BC942}") = "Lecture12_2", "Lecture12_2\Lecture12_2.vcxproj", "{63DF6D23-5822-41DE-93E7-3A041FCF4602}"
EndProject
Project("{8BC9CEB8-8B4A-11D0-8D11-00A0C91BC942}") = "Lecture13", "Lecture13\Lecture13.vcxproj", "{39744E2A-69CE-48D5-A732-5430C6BF6F56}"
EndProject
Project("{8BC9CEB8-8B4A-11D0-8D11-00A0C91BC942}") = "Lecture14", "Lecture14\Lecture14.vcxproj", "{0980864E-F3CF-4A7F-B1BE-180C9A1066EC}"
EndProject
Global
	GlobalSection(SolutionConfigurationPlatforms) = preSolution
		Debug|x64 = Debug|x64
		Debug|x86 = Debug|x86
		Release|x64 = Release|x64
		Release|x86 = Release|x86
	EndGlobalSection
	GlobalSection(ProjectConfigurationPlatforms) = postSolution
		{9259F8BA-9E84-4D72-90F0-49D74170E014}.Debug|x64.ActiveCfg = Debug|x64
		{9259F8BA-9E84-4D72-90F0-49D74170E014}.Debug|x64.Build.0 = Debug|x64
		{9259F8BA-9E84-4D72-90F0-49D74170E014}.Debug|x86.ActiveCfg = Debug|Win32
		{9259F8BA-9E84-4D72-90F0-49D74170E014}.Debug|x86.Build.0 = Debug|Win32
		{9259F8BA-9E84-4D72-90F0-49D74170E014}.Release|x64.ActiveCfg = Release|x64
		{9259F8BA-9E84-4D72-90F0-49D74170E014}.Release|x64.Build.0 = Release|x64
		{9259F8BA-9E84-4D72-90F0-49D74170E014}.Release|x86.ActiveCfg = Release|Win32
		{9259F8BA-9E84-4D72-90F0-49D74170E014}.Release|x86.Build.0 = Release|Win32
		{06C1A56F-38D7-4D51-8C2A-3CA0DA937710}.Debug|x64.ActiveCfg = Debug|x64
		{06C1A56F-38D7-4D51-8C2A-3CA0DA937710}.Debug|x64.Build.0 = Debug|x64
		{06C1A56F-38D7-4D51-8C2A-3CA0DA937710}.Debug|x86.ActiveCfg = Debug|Win32
		{06C1A56F-38D7-4D51-8C2A-3CA0DA937710}.Debug|x86.Build.0 = Debug|Win32
		{06C1A56F-38D7-4D51-8C2A-3CA0DA937710}.Release|x64.ActiveCfg = Release|x64
		{06C1A56F-38D7-4D51-8C2A-3CA0DA937710}.Release|x64.Build.0 = Release|x64
		{06C1A56F-38D7-4D51-8C2A-3CA0DA937710}.Release|x86.ActiveCfg = Release|Win32
		{06C1A56F-38D7-4D51-8C2A-3CA0DA937710}.Release|x86.Build.0 = Release|Win32
		{CBD79BAE-9762-4698-9958-B3D6A3876C8D}.Debug|x64.ActiveCfg = Debug|x64
		{CBD79BAE-9762-4698-9958-B3D6A3876C8D}.Debug|x64.Build.0 = Debug|x64
		{CBD79BAE-9762-4698-9958-B3D6A3876C8D}.Debug|x86.ActiveCfg = Debug|Win32
		{CBD79BAE-9762-4698-9958-B3D6A3876C8D}.Debug|x86.Build.0 = Debug|Win32
		{CBD79BAE-9762-4698-9958-B3D6A3876C8D}.Release|x64.ActiveCfg = Release|x64
		{CBD79BAE-9762-4698-9958-B3D6A3876C8D}.Release|x64.Build.0 = Release|x64
		{CBD79BAE-9762-4698-9958-B3D6A3876C8D}.Release|x86.ActiveCfg = Release|Win32
		{CBD79BAE-9762-4698-9958-B3D6A3876C8D}.Release|x86.Build.0 = Release|Win32
		{EBCF4F7B-9F91-4E5D-BB64-D72B55E68621}.Debug|x64.ActiveCfg = Debug|x64
		{EBCF4F7B-9F91-4E5D-BB64-D72B55E68621}.Debug|x64.Build.0 = Debug|x64
		{EBCF4F7B-9F91-4E5D-BB64-D72B55E68621}.Debug|x86.ActiveCfg = Debug|Win32
		{EBCF4F7B-9F91-4E5D-BB64-D72B55E68621}.Debug|x86.Build.0 = Debug|Win32
		{EBCF4F7B-9F91-4E5D-BB64-D72B55E68621}.Release|x64.ActiveCfg = Release|x64
		{EBCF4F7B-9F91-4E5D-BB64-D72B55E68621}.Release|x64.Build.0 = Release|x64
		{EBCF4F7B-9F91-4E5D-BB64-D72B55E68621}.Release|x86.ActiveCfg = Release|Win32
		{EBCF4F7B-9F91-4E5D-BB64-D72B55E68621}.Release|x86.Build.0 = Release|Win32
		{B26E3A6A-CEE5-461B-B85F-3A832B9A9100}.Debug|x64.ActiveCfg = Debug|x64
		{B26E3A6A-CEE5-461B-B85F-3A832B9A9100}.Debug|x64.Build.0 = Debug|x64
		{B26E3A6A-CEE5-461B-B85F-3A832B9A9100}.Debug|x86.ActiveCfg = Debug|Win32
		{B26E3A6A-CEE5-461B-B85F-3A832B9A9100}.Debug|x86.Build.0 = Debug|Win32
		{B26E3A6A-CEE5-461B-B85F-3A832B9A9100}.Release|x64.ActiveCfg = Release|x64
		{B26E3A6A-CEE5-461B-B85F-3A832B9A9100}.Release|x64.Build.0 = Release|x64
		{B26E3A6A-CEE5-461B-B85F-3A832B9A9100}.Release|x86.ActiveCfg = Release|Win32
		{B26E3A6A-CEE5-461B-B85F-3A832B9A9100}.Release|x86.Build.0 = Release|Win32
		{3D6F1617-E116-4F0A-A714-C1AECA94AEA1}.Debug|x64.ActiveCfg = Debug|x64
		{3D6F1617-E116-4F0A-A714-C1AECA94AEA1}.Debug|x64.Build.0 = Debug|x64
		{3D6F1617-E116-4F0A-A714-C1AECA94AEA1}.Debug|x86.ActiveCfg = Debug|Win32
		{3D6F1617-E116-4F0A-A714-C1AECA94AEA1}.Debug|x86.Build.0 = Debug|Win32
		{3D6F1617-E116-4F0A-A714-C1AECA94AEA1}.Release|x64.ActiveCfg = Release|x64
		{3D6F1617-E116-4F0A-A714-C1AECA94AEA1}.Release|x64.Build.0 = Release|x64
		{3D6F1617-E116-4F0A-A714-C1AECA94AEA1}.Release|x86.ActiveCfg = Release|Win32
		{3D6F1617-E116-4F0A-A714-C1AECA94AEA1}.Release|x86.Build.0 = Release|Win32
		{AD10BC23-C341-4266-82F0-74D51B8CC65F}.Debug|x64.ActiveCfg = Debug|x64
		{AD10BC23-C341-4266-82F0-74D51B8CC65F}.Debug|x64.Build.0 = Debug|x64
		{AD10BC23-C341-4266-82F0-74D51B8CC65F}.Debug|x86.ActiveCfg = Debug|Win32
		{AD10BC23-C341-4266-82F0-74D51B8CC65F}.Debug|x86.Build.0 = Debug|Win32
		{AD10BC23-C341-4266-82F0-74D51B8CC65F}.Release|x64.ActiveCfg = Release|x64
		{AD10BC23-C341-4266-82F0-74D51B8CC65F}.Release|x64.Build.0 = Release|x64
		{AD10BC23-C341-4266-82F0-74D51B8CC65F}.Release|x86.ActiveCfg = Release|Win32
		{AD10BC23-C341-4266-82F0-74D51B8CC65F}.Release|x86.Build.0 = Release|Win32
		{5F299D47-06C4-4D36-8C6C-6C20A7C83620}.Debug|x64.ActiveCfg = Debug|x64
		{5F299D47-06C4-4D36-8C6C-6C20A7C83620}.Debug|x64.Build.0 = Debug|x64
		{5F299D47-06C4-4D36-8C6C-6C20A7C83620}.Debug|x86.ActiveCfg = Debug|Win32
		{5F299D47-06C4-4D36-8C6C-6C20A7C83620}.Debug|x86.Build.0 = Debug|Win32
		{5F299D47-06C4-4D36-8C6C-6C20A7C83620}.Release|x64.ActiveCfg = Release|x64
		{5F299D47-06C4-4D36-8C6C-6C20A7C83620}.Release|x64.Build.0 = Release|x64
		{5F299D47-06C4-4D36-8C6C-6C20A7C83620}.Release|x86.ActiveCfg = Release|Win32
		{5F299D47-06C4-4D36-8C6C-6C20A7C83620}.Release|x86.Build.0 = Release|Win32
		{27041F98-EC6E-455A-AB10-42462142BB28}.Debug|x64.ActiveCfg = Debug|x64
		{27041F98-EC6E-455A-AB10-42462142BB28}.Debug|x64.Build.0 = Debug|x64
		{27041F98-EC6E-455A-AB10-42462142BB28}.Debug|x86.ActiveCfg = Debug|Win32
		{27041F98-EC6E-455A-AB10-42462142BB28}.Debug|x86.Build.0 = Debug|Win32
		{27041F98-EC6E-455A-AB10-42462142BB28}.Release|x64.ActiveCfg = Release|x64
		{27041F98-EC6E-455A-AB10-42462142BB28}.Release|x64.Build.0 = Release|x64
		{27041F98-EC6E-455A-AB10-42462142BB28}.Release|x86.ActiveCfg = Release|Win32
		{27041F98-EC6E-455A-AB10-42462142BB28}.Release|x86.Build.0 = Release|Win32
		{B3607356-DFBF-4219-BC0C-773CFB9DA103}.Debug|x64.ActiveCfg = Debug|x64
		{B3607356-DFBF-4219-BC0C-773CFB9DA103}.Debug|x64.Build.0 = Debug|x64
		{B3607356-DFBF-4219-BC0C-773CFB9DA103}.Debug|x86.ActiveCfg = Debug|Win32
		{B3607356-DFBF-4219-BC0C-773CFB9DA103}.Debug|x86.Build.0 = Debug|Win32
		{B3607356-DFBF-4219-BC0C-773CFB9DA103}.Release|x64.ActiveCfg = Release|x64
		{B3607356-DFBF-4219-BC0C-773CFB9DA103}.Release|x64.Build.0 = Release|x64
		{B3607356-DFBF-4219-BC0C-773CFB9DA103}.Release|x86.ActiveCfg = Release|Win32
		{B3607356-DFBF-4219-BC0C-773CFB9DA103}.Release|x86.Build.0 = Release|Win32
		{C8D54700-B883-44D8-9B0A-680474B9123B}.Debug|x64.ActiveCfg = Debug|x64
		{C8D54700-B883-44D8-9B0A-680474B9123B}.Debug|x64.Build.0 = Debug|x64
		{C8D54700-B883-44D8-9B0A-680474B9123B}.Debug|x86.ActiveCfg = Debug|Win32
		{C8D54700-B883-44D8-9B0A-680474B9123B}.Debug|x86.Build.0 = Debug|Win32
		{C8D54700-B883-44D8-9B0A-680474B9123B}.Release|x64.ActiveCfg = Release|x64
		{C8D54700-B883-44D8-9B0A-680474B9123B}.Release|x64.Build.0 = Release|x64
		{C8D54700-B883-44D8-9B0A-680474B9123B}.Release|x86.ActiveCfg = Release|Win32
		{C8D54700-B883-44D8-9B0A-680474B9123B}.Release|x86.Build.0 = Release|Win32
		{82BCB499-AE90-44B3-9D21-4DAD3EF5CB41}.Debug|x64.ActiveCfg = Debug|x64
		{82BCB499-AE90-44B3-9D21-4DAD3EF5CB41}.Debug|x64.Build.0 = Debug|x64
		{82BCB499-AE90-44B3-9D21-4DAD3EF5CB41}.Debug|x86.ActiveCfg = Debug|Win32
		{82BCB499-AE90-44B3-9D21-4DAD3EF5CB41}.Debug|x86.Build.0 = Debug|Win32
		{82BCB499-AE90-44B3-9D21-4DAD3EF5CB41}.Release|x64.ActiveCfg = Release|x64
		{82BCB499-AE90-44B3-9D21-4DAD3EF5CB41}.Release|x64.Build.0 = Release|x64
		{82BCB499-AE90-44B3-9D21-4DAD3EF5CB41}.Release|x86.ActiveCfg = Release|Win32
		{82BCB499-AE90-44B3-9D21-4DAD3EF5CB41}.Release|x86.Build.0 = Release|Win32
		{F7C967B0-452D-465B-AD0D-2257123B25D8}.Debug|x64.ActiveCfg = Debug|x64
		{F7C967B0-452D-465B-AD0D-2257123B25D8}.Debug|x64.Build.0 = Debug|x64
		{F7C967B0-452D-465B-AD0D-2257123B25D8}.Debug|x86.ActiveCfg = Debug|Win32
		{F7C967B0-452D-465B-AD0D-2257123B25D8}.Debug|x86.Build.0 = Debug|Win32
		{F7C967B0-452D-465B-AD0D-2257123B25D8}.Release|x64.ActiveCfg = Release|x64
		{F7C967B0-452D-465B-AD0D-2257123B25D8}.Release|x64.Build.0 = Release|x64
		{F7C967B0-452D-465B-AD0D-2257123B25D8}.Release|x86.ActiveCfg = Release|Win32
		{F7C967B0-452D-465B-AD0D-2257123B25D8}.Release|x86.Build.0 = Release|Win32
		{63DF6D23-5822-41DE-93E7-3A041FCF4602}.Debug|x64.ActiveCfg = Debug|x64
		{63DF6D23-5822-41DE-93E7-3A041FCF4602}.Debug|x64.Build.0 = Debug|x64
		{63DF6D23-5822-41DE-93E7-3A041FCF4602}.Debug|x86.ActiveCfg = Debug|Win32
		{63DF6D23-5822-41DE-93E7-3A041FCF4602}.Debug|x86.Build.0 = Debug|Win32
		{63DF6D23-5822-41DE-93E7-3A041FCF4602}.Release|x64.ActiveCfg = Release|x64
		{63DF6D23-5822-41DE-93E7-3A041FCF4602}.Release|x64.Build.0 = Release|x64
		{63DF6D23-5822-41DE-93E7-3A041FCF4602}.Release|x86.ActiveCfg = Release|Win32
		{63DF6D23-5822-41DE-93E7-3A041FCF4602}.Release|x86.Build.0 = Release|Win32
		{39744E2A-69CE-48D5-A732-5430C6BF6F56}.Debug|x64.ActiveCfg = Debug|x64
		{39744E2A-69CE-48D5-A732-5430C6BF6F56}.Debug|x64.Build.0 = Debug|x64
		{39744E2A-69CE-48D5-A732-5430C6BF6F56}.Debug|x86.ActiveCfg = Debug|Win32
		{39744E2A-69CE-48D5-A732-5430C6BF6F56}.Debug|x86.Build.0 = Debug|Win32
		{39744E2A-69CE-48D5-A732-5430C6BF6F56}.Release|x64.ActiveCfg = Release|x64
		{39744E2A-69CE-48D5-A732-5430C6BF6F56}.Release|x64.Build.0 = Release|x64
		{39744E2A-69CE-48D5-A732-5430C6BF6F56}.Release|x86.ActiveCfg = Release|Win32
		{39744E2A-69CE-48D5-A732-5430C6BF6F56}.Release|x86.Build.0 = Release|Win32
		{0980864E-F3CF-4A7F-B1BE-180C9A1066EC}.Debug|x64.ActiveCfg = Debug|x64
		{0980864E-F3CF-4A7F-B1BE-180C9A1066EC}.Debug|x64.Build.0 = Debug|x64
		{0980864E-F3CF-4A7F-B1BE-180C9A1066EC}.Debug|x86.ActiveCfg = Debug|Win32
		{0980864E-F3CF-4A7F-B1BE-180C9A1066EC}.Debug|x86.Build.0 = Debug|Win32
		{0980864E-F3CF-4A7F-B1BE-180C9A1066EC}.Release|x64.ActiveCfg = Release|x64
		{0980864E-F3CF-4A7F-B1BE-180C9A1066EC}.Release|x64.Build.0 = Release|x64
		{0980864E-F3CF-4A7F-B1BE-180C9A1066EC}.Release|x86.ActiveCfg = Release|Win32
		{0980864E-F3CF-4A7F-B1BE-180C9A1066EC}.Release|x86.Build.0 = Release|Win32
	EndGlobalSection
	GlobalSection(SolutionProperties) = preSolution
		HideSolutionNode = FALSE
	EndGlobalSection
EndGlobal
